// !$*UTF8*$!
{
	archiveVersion = 1;
	classes = {
	};
	objectVersion = 48;
	objects = {

/* Begin PBXBuildFile section */
		08ABA5A8206A17DA0014500C /* main.cpp in Sources */ = {isa = PBXBuildFile; fileRef = 08ABA5A7206A17DA0014500C /* main.cpp */; };
		08ABA5D1206A96F80014500C /* Model.cpp in Sources */ = {isa = PBXBuildFile; fileRef = 08ABA5D0206A96F80014500C /* Model.cpp */; };
		08ABA5D5206A97070014500C /* myString.cpp in Sources */ = {isa = PBXBuildFile; fileRef = 08ABA5D2206A97060014500C /* myString.cpp */; };
		08ABA5DA206B87490014500C /* ShapeDefine.cpp in Sources */ = {isa = PBXBuildFile; fileRef = 08ABA5D9206B87490014500C /* ShapeDefine.cpp */; };
		08BE544C206C84AE00E15ED4 /* Scene.cpp in Sources */ = {isa = PBXBuildFile; fileRef = 08BE544B206C84AE00E15ED4 /* Scene.cpp */; };
		08BE544E206D51B500E15ED4 /* Material.cpp in Sources */ = {isa = PBXBuildFile; fileRef = 08BE544D206D51B500E15ED4 /* Material.cpp */; };
		08BE5451206E653E00E15ED4 /* Camera.cpp in Sources */ = {isa = PBXBuildFile; fileRef = 08BE5450206E653E00E15ED4 /* Camera.cpp */; };
		08BE5454206E69A200E15ED4 /* Render.cpp in Sources */ = {isa = PBXBuildFile; fileRef = 08BE5453206E69A200E15ED4 /* Render.cpp */; };
/* End PBXBuildFile section */

/* Begin PBXCopyFilesBuildPhase section */
		08ABA5A2206A17DA0014500C /* CopyFiles */ = {
			isa = PBXCopyFilesBuildPhase;
			buildActionMask = 2147483647;
			dstPath = /usr/share/man/man1/;
			dstSubfolderSpec = 0;
			files = (
			);
			runOnlyForDeploymentPostprocessing = 1;
		};
/* End PBXCopyFilesBuildPhase section */

/* Begin PBXFileReference section */
		08ABA5A4206A17DA0014500C /* MonteCarloRayTracing */ = {isa = PBXFileReference; explicitFileType = "compiled.mach-o.executable"; includeInIndex = 0; path = MonteCarloRayTracing; sourceTree = BUILT_PRODUCTS_DIR; };
		08ABA5A7206A17DA0014500C /* main.cpp */ = {isa = PBXFileReference; lastKnownFileType = sourcecode.cpp.cpp; path = main.cpp; sourceTree = "<group>"; };
		08ABA5CE206A96F10014500C /* Model.h */ = {isa = PBXFileReference; lastKnownFileType = sourcecode.c.h; path = Model.h; sourceTree = "<group>"; };
		08ABA5CF206A96F40014500C /* Material.h */ = {isa = PBXFileReference; lastKnownFileType = sourcecode.c.h; path = Material.h; sourceTree = "<group>"; };
		08ABA5D0206A96F80014500C /* Model.cpp */ = {isa = PBXFileReference; lastKnownFileType = sourcecode.cpp.cpp; path = Model.cpp; sourceTree = "<group>"; };
		08ABA5D2206A97060014500C /* myString.cpp */ = {isa = PBXFileReference; lastKnownFileType = sourcecode.cpp.cpp; path = myString.cpp; sourceTree = "<group>"; };
		08ABA5D3206A97070014500C /* Double3.h */ = {isa = PBXFileReference; lastKnownFileType = sourcecode.c.h; path = Double3.h; sourceTree = "<group>"; };
		08ABA5D4206A97070014500C /* myString.h */ = {isa = PBXFileReference; lastKnownFileType = sourcecode.c.h; path = myString.h; sourceTree = "<group>"; };
		08ABA5D6206B706D0014500C /* Ray.h */ = {isa = PBXFileReference; lastKnownFileType = sourcecode.c.h; path = Ray.h; sourceTree = "<group>"; };
		08ABA5D7206B71800014500C /* Object.h */ = {isa = PBXFileReference; lastKnownFileType = sourcecode.c.h; path = Object.h; sourceTree = "<group>"; };
		08ABA5D8206B74B20014500C /* ShapeDefine.h */ = {isa = PBXFileReference; lastKnownFileType = sourcecode.c.h; path = ShapeDefine.h; sourceTree = "<group>"; };
		08ABA5D9206B87490014500C /* ShapeDefine.cpp */ = {isa = PBXFileReference; lastKnownFileType = sourcecode.cpp.cpp; path = ShapeDefine.cpp; sourceTree = "<group>"; };
		08BE5446206BC4F900E15ED4 /* GlobalControl.h */ = {isa = PBXFileReference; lastKnownFileType = sourcecode.c.h; path = GlobalControl.h; sourceTree = "<group>"; };
		08BE544A206C807100E15ED4 /* Scene.h */ = {isa = PBXFileReference; lastKnownFileType = sourcecode.c.h; path = Scene.h; sourceTree = "<group>"; };
		08BE544B206C84AE00E15ED4 /* Scene.cpp */ = {isa = PBXFileReference; lastKnownFileType = sourcecode.cpp.cpp; path = Scene.cpp; sourceTree = "<group>"; };
		08BE544D206D51B500E15ED4 /* Material.cpp */ = {isa = PBXFileReference; lastKnownFileType = sourcecode.cpp.cpp; path = Material.cpp; sourceTree = "<group>"; };
		08BE544F206E611200E15ED4 /* Camera.h */ = {isa = PBXFileReference; lastKnownFileType = sourcecode.c.h; path = Camera.h; sourceTree = "<group>"; };
		08BE5450206E653E00E15ED4 /* Camera.cpp */ = {isa = PBXFileReference; lastKnownFileType = sourcecode.cpp.cpp; path = Camera.cpp; sourceTree = "<group>"; };
		08BE5452206E67FC00E15ED4 /* Render.h */ = {isa = PBXFileReference; lastKnownFileType = sourcecode.c.h; path = Render.h; sourceTree = "<group>"; };
		08BE5453206E69A200E15ED4 /* Render.cpp */ = {isa = PBXFileReference; lastKnownFileType = sourcecode.cpp.cpp; path = Render.cpp; sourceTree = "<group>"; };
/* End PBXFileReference section */

/* Begin PBXFrameworksBuildPhase section */
		08ABA5A1206A17DA0014500C /* Frameworks */ = {
			isa = PBXFrameworksBuildPhase;
			buildActionMask = 2147483647;
			files = (
			);
			runOnlyForDeploymentPostprocessing = 0;
		};
/* End PBXFrameworksBuildPhase section */

/* Begin PBXGroup section */
		08ABA59B206A17DA0014500C = {
			isa = PBXGroup;
			children = (
				08ABA5A6206A17DA0014500C /* MonteCarloRayTracing */,
				08ABA5A5206A17DA0014500C /* Products */,
			);
			sourceTree = "<group>";
		};
		08ABA5A5206A17DA0014500C /* Products */ = {
			isa = PBXGroup;
			children = (
				08ABA5A4206A17DA0014500C /* MonteCarloRayTracing */,
			);
			name = Products;
			sourceTree = "<group>";
		};
		08ABA5A6206A17DA0014500C /* MonteCarloRayTracing */ = {
			isa = PBXGroup;
			children = (
				08ABA5D6206B706D0014500C /* Ray.h */,
				08ABA5D7206B71800014500C /* Object.h */,
				08ABA5CE206A96F10014500C /* Model.h */,
				08ABA5CF206A96F40014500C /* Material.h */,
				08ABA5D3206A97070014500C /* Double3.h */,
				08ABA5D4206A97070014500C /* myString.h */,
				08ABA5D8206B74B20014500C /* ShapeDefine.h */,
				08BE5446206BC4F900E15ED4 /* GlobalControl.h */,
				08ABA5D2206A97060014500C /* myString.cpp */,
				08ABA5D0206A96F80014500C /* Model.cpp */,
				08ABA5D9206B87490014500C /* ShapeDefine.cpp */,
				08ABA5A7206A17DA0014500C /* main.cpp */,
				08BE544A206C807100E15ED4 /* Scene.h */,
				08BE544B206C84AE00E15ED4 /* Scene.cpp */,
				08BE544D206D51B500E15ED4 /* Material.cpp */,
				08BE544F206E611200E15ED4 /* Camera.h */,
				08BE5450206E653E00E15ED4 /* Camera.cpp */,
				08BE5452206E67FC00E15ED4 /* Render.h */,
				08BE5453206E69A200E15ED4 /* Render.cpp */,
			);
			path = MonteCarloRayTracing;
			sourceTree = "<group>";
		};
/* End PBXGroup section */

/* Begin PBXNativeTarget section */
		08ABA5A3206A17DA0014500C /* MonteCarloRayTracing */ = {
			isa = PBXNativeTarget;
			buildConfigurationList = 08ABA5AB206A17DA0014500C /* Build configuration list for PBXNativeTarget "MonteCarloRayTracing" */;
			buildPhases = (
				08ABA5A0206A17DA0014500C /* Sources */,
				08ABA5A1206A17DA0014500C /* Frameworks */,
				08ABA5A2206A17DA0014500C /* CopyFiles */,
			);
			buildRules = (
			);
			dependencies = (
			);
			name = MonteCarloRayTracing;
			productName = MonteCarloRayTracing;
			productReference = 08ABA5A4206A17DA0014500C /* MonteCarloRayTracing */;
			productType = "com.apple.product-type.tool";
		};
/* End PBXNativeTarget section */

/* Begin PBXProject section */
		08ABA59C206A17DA0014500C /* Project object */ = {
			isa = PBXProject;
			attributes = {
				LastUpgradeCheck = 0920;
				ORGANIZATIONNAME = "Leah Love Cage";
				TargetAttributes = {
					08ABA5A3206A17DA0014500C = {
						CreatedOnToolsVersion = 9.2;
						ProvisioningStyle = Automatic;
					};
				};
			};
			buildConfigurationList = 08ABA59F206A17DA0014500C /* Build configuration list for PBXProject "MonteCarloRayTracing" */;
			compatibilityVersion = "Xcode 8.0";
			developmentRegion = en;
			hasScannedForEncodings = 0;
			knownRegions = (
				en,
			);
			mainGroup = 08ABA59B206A17DA0014500C;
			productRefGroup = 08ABA5A5206A17DA0014500C /* Products */;
			projectDirPath = "";
			projectRoot = "";
			targets = (
				08ABA5A3206A17DA0014500C /* MonteCarloRayTracing */,
			);
		};
/* End PBXProject section */

/* Begin PBXSourcesBuildPhase section */
		08ABA5A0206A17DA0014500C /* Sources */ = {
			isa = PBXSourcesBuildPhase;
			buildActionMask = 2147483647;
			files = (
				08ABA5DA206B87490014500C /* ShapeDefine.cpp in Sources */,
				08ABA5D1206A96F80014500C /* Model.cpp in Sources */,
				08BE5451206E653E00E15ED4 /* Camera.cpp in Sources */,
				08BE5454206E69A200E15ED4 /* Render.cpp in Sources */,
				08BE544E206D51B500E15ED4 /* Material.cpp in Sources */,
				08ABA5A8206A17DA0014500C /* main.cpp in Sources */,
				08BE544C206C84AE00E15ED4 /* Scene.cpp in Sources */,
				08ABA5D5206A97070014500C /* myString.cpp in Sources */,
			);
			runOnlyForDeploymentPostprocessing = 0;
		};
/* End PBXSourcesBuildPhase section */

/* Begin XCBuildConfiguration section */
		08ABA5A9206A17DA0014500C /* Debug */ = {
			isa = XCBuildConfiguration;
			buildSettings = {
				ALWAYS_SEARCH_USER_PATHS = NO;
				CLANG_ANALYZER_NONNULL = YES;
				CLANG_ANALYZER_NUMBER_OBJECT_CONVERSION = YES_AGGRESSIVE;
				CLANG_CXX_LANGUAGE_STANDARD = "gnu++14";
				CLANG_CXX_LIBRARY = "libc++";
				CLANG_ENABLE_MODULES = YES;
				CLANG_ENABLE_OBJC_ARC = YES;
				CLANG_WARN_BLOCK_CAPTURE_AUTORELEASING = YES;
				CLANG_WARN_BOOL_CONVERSION = YES;
				CLANG_WARN_COMMA = YES;
				CLANG_WARN_CONSTANT_CONVERSION = YES;
				CLANG_WARN_DIRECT_OBJC_ISA_USAGE = YES_ERROR;
				CLANG_WARN_DOCUMENTATION_COMMENTS = YES;
				CLANG_WARN_EMPTY_BODY = YES;
				CLANG_WARN_ENUM_CONVERSION = YES;
				CLANG_WARN_INFINITE_RECURSION = YES;
				CLANG_WARN_INT_CONVERSION = YES;
				CLANG_WARN_NON_LITERAL_NULL_CONVERSION = YES;
				CLANG_WARN_OBJC_LITERAL_CONVERSION = YES;
				CLANG_WARN_OBJC_ROOT_CLASS = YES_ERROR;
				CLANG_WARN_RANGE_LOOP_ANALYSIS = YES;
				CLANG_WARN_STRICT_PROTOTYPES = YES;
				CLANG_WARN_SUSPICIOUS_MOVE = YES;
				CLANG_WARN_UNGUARDED_AVAILABILITY = YES_AGGRESSIVE;
				CLANG_WARN_UNREACHABLE_CODE = YES;
				CLANG_WARN__DUPLICATE_METHOD_MATCH = YES;
				CODE_SIGN_IDENTITY = "-";
				COPY_PHASE_STRIP = NO;
				DEBUG_INFORMATION_FORMAT = dwarf;
				ENABLE_STRICT_OBJC_MSGSEND = YES;
				ENABLE_TESTABILITY = YES;
				GCC_C_LANGUAGE_STANDARD = gnu11;
				GCC_DYNAMIC_NO_PIC = NO;
				GCC_NO_COMMON_BLOCKS = YES;
				GCC_OPTIMIZATION_LEVEL = 0;
				GCC_PREPROCESSOR_DEFINITIONS = (
					"DEBUG=1",
					"$(inherited)",
				);
				GCC_WARN_64_TO_32_BIT_CONVERSION = YES;
				GCC_WARN_ABOUT_RETURN_TYPE = YES_ERROR;
				GCC_WARN_UNDECLARED_SELECTOR = YES;
				GCC_WARN_UNINITIALIZED_AUTOS = YES_AGGRESSIVE;
				GCC_WARN_UNUSED_FUNCTION = YES;
				GCC_WARN_UNUSED_VARIABLE = YES;
				HEADER_SEARCH_PATHS = "";
				MACOSX_DEPLOYMENT_TARGET = 10.12;
				MTL_ENABLE_DEBUG_INFO = YES;
				ONLY_ACTIVE_ARCH = YES;
				OTHER_CPLUSPLUSFLAGS = "";
				SDKROOT = macosx;
			};
			name = Debug;
		};
		08ABA5AA206A17DA0014500C /* Release */ = {
			isa = XCBuildConfiguration;
			buildSettings = {
				ALWAYS_SEARCH_USER_PATHS = NO;
				CLANG_ANALYZER_NONNULL = YES;
				CLANG_ANALYZER_NUMBER_OBJECT_CONVERSION = YES_AGGRESSIVE;
				CLANG_CXX_LANGUAGE_STANDARD = "gnu++14";
				CLANG_CXX_LIBRARY = "libc++";
				CLANG_ENABLE_MODULES = YES;
				CLANG_ENABLE_OBJC_ARC = YES;
				CLANG_WARN_BLOCK_CAPTURE_AUTORELEASING = YES;
				CLANG_WARN_BOOL_CONVERSION = YES;
				CLANG_WARN_COMMA = YES;
				CLANG_WARN_CONSTANT_CONVERSION = YES;
				CLANG_WARN_DIRECT_OBJC_ISA_USAGE = YES_ERROR;
				CLANG_WARN_DOCUMENTATION_COMMENTS = YES;
				CLANG_WARN_EMPTY_BODY = YES;
				CLANG_WARN_ENUM_CONVERSION = YES;
				CLANG_WARN_INFINITE_RECURSION = YES;
				CLANG_WARN_INT_CONVERSION = YES;
				CLANG_WARN_NON_LITERAL_NULL_CONVERSION = YES;
				CLANG_WARN_OBJC_LITERAL_CONVERSION = YES;
				CLANG_WARN_OBJC_ROOT_CLASS = YES_ERROR;
				CLANG_WARN_RANGE_LOOP_ANALYSIS = YES;
				CLANG_WARN_STRICT_PROTOTYPES = YES;
				CLANG_WARN_SUSPICIOUS_MOVE = YES;
				CLANG_WARN_UNGUARDED_AVAILABILITY = YES_AGGRESSIVE;
				CLANG_WARN_UNREACHABLE_CODE = YES;
				CLANG_WARN__DUPLICATE_METHOD_MATCH = YES;
				CODE_SIGN_IDENTITY = "-";
				COPY_PHASE_STRIP = NO;
				DEBUG_INFORMATION_FORMAT = "dwarf-with-dsym";
				ENABLE_NS_ASSERTIONS = NO;
				ENABLE_STRICT_OBJC_MSGSEND = YES;
				GCC_C_LANGUAGE_STANDARD = gnu11;
				GCC_NO_COMMON_BLOCKS = YES;
				GCC_WARN_64_TO_32_BIT_CONVERSION = YES;
				GCC_WARN_ABOUT_RETURN_TYPE = YES_ERROR;
				GCC_WARN_UNDECLARED_SELECTOR = YES;
				GCC_WARN_UNINITIALIZED_AUTOS = YES_AGGRESSIVE;
				GCC_WARN_UNUSED_FUNCTION = YES;
				GCC_WARN_UNUSED_VARIABLE = YES;
				HEADER_SEARCH_PATHS = "";
				MACOSX_DEPLOYMENT_TARGET = 10.12;
				MTL_ENABLE_DEBUG_INFO = NO;
				OTHER_CPLUSPLUSFLAGS = "";
				SDKROOT = macosx;
			};
			name = Release;
		};
		08ABA5AC206A17DA0014500C /* Debug */ = {
			isa = XCBuildConfiguration;
			buildSettings = {
				CLANG_ALLOW_NON_MODULAR_INCLUDES_IN_FRAMEWORK_MODULES = NO;
				CLANG_CXX_LIBRARY = "libc++";
				CODE_SIGN_STYLE = Automatic;
				HEADER_SEARCH_PATHS = /usr/local/include/eigen3/;
				OTHER_CPLUSPLUSFLAGS = "";
				PRODUCT_NAME = "$(TARGET_NAME)";
				USER_HEADER_SEARCH_PATHS = "";
			};
			name = Debug;
		};
		08ABA5AD206A17DA0014500C /* Release */ = {
			isa = XCBuildConfiguration;
			buildSettings = {
				CLANG_ALLOW_NON_MODULAR_INCLUDES_IN_FRAMEWORK_MODULES = NO;
				CLANG_CXX_LIBRARY = "libc++";
				CODE_SIGN_STYLE = Automatic;
				HEADER_SEARCH_PATHS = /usr/local/include/eigen3/;
				OTHER_CPLUSPLUSFLAGS = "";
				PRODUCT_NAME = "$(TARGET_NAME)";
				USER_HEADER_SEARCH_PATHS = "";
			};
			name = Release;
		};
/* End XCBuildConfiguration section */

/* Begin XCConfigurationList section */
		08ABA59F206A17DA0014500C /* Build configuration list for PBXProject "MonteCarloRayTracing" */ = {
			isa = XCConfigurationList;
			buildConfigurations = (
				08ABA5A9206A17DA0014500C /* Debug */,
				08ABA5AA206A17DA0014500C /* Release */,
			);
			defaultConfigurationIsVisible = 0;
			defaultConfigurationName = Release;
		};
		08ABA5AB206A17DA0014500C /* Build configuration list for PBXNativeTarget "MonteCarloRayTracing" */ = {
			isa = XCConfigurationList;
			buildConfigurations = (
				08ABA5AC206A17DA0014500C /* Debug */,
				08ABA5AD206A17DA0014500C /* Release */,
			);
			defaultConfigurationIsVisible = 0;
			defaultConfigurationName = Release;
		};
/* End XCConfigurationList section */
	};
	rootObject = 08ABA59C206A17DA0014500C /* Project object */;
}
